// !$*UTF8*$!
{
	archiveVersion = 1;
	classes = {
	};
	objectVersion = 46;
	objects = {

/* Begin PBXBuildFile section */
		175B54D9DC5A4D30930CF7B8 /* CDVInAppBrowser.m in Sources */ = {isa = PBXBuildFile; fileRef = 0514734AD72745FE8EC7FB2D /* CDVInAppBrowser.m */; };
		1D3623260D0F684500981E51 /* AppDelegate.m in Sources */ = {isa = PBXBuildFile; fileRef = 1D3623250D0F684500981E51 /* AppDelegate.m */; };
		1D60589B0D05DD56006BFB54 /* main.m in Sources */ = {isa = PBXBuildFile; fileRef = 29B97316FDCFA39411CA2CEA /* main.m */; };
		1F766FE113BBADB100FB74C0 /* Localizable.strings in Resources */ = {isa = PBXBuildFile; fileRef = 1F766FDC13BBADB100FB74C0 /* Localizable.strings */; };
		1F766FE213BBADB100FB74C0 /* Localizable.strings in Resources */ = {isa = PBXBuildFile; fileRef = 1F766FDF13BBADB100FB74C0 /* Localizable.strings */; };
		288765FD0DF74451002DB57D /* CoreGraphics.framework in Frameworks */ = {isa = PBXBuildFile; fileRef = 288765FC0DF74451002DB57D /* CoreGraphics.framework */; };
		301BF552109A68D80062928A /* libCordova.a in Frameworks */ = {isa = PBXBuildFile; fileRef = 301BF535109A57CC0062928A /* libCordova.a */; };
		302D95F114D2391D003F00A1 /* MainViewController.m in Sources */ = {isa = PBXBuildFile; fileRef = 302D95EF14D2391D003F00A1 /* MainViewController.m */; };
		302D95F214D2391D003F00A1 /* MainViewController.xib in Resources */ = {isa = PBXBuildFile; fileRef = 302D95F014D2391D003F00A1 /* MainViewController.xib */; };
		305D5FD1115AB8F900A74A75 /* MobileCoreServices.framework in Frameworks */ = {isa = PBXBuildFile; fileRef = 305D5FD0115AB8F900A74A75 /* MobileCoreServices.framework */; };
		30A0434814DC770100060A13 /* Localizable.strings in Resources */ = {isa = PBXBuildFile; fileRef = 30A0434314DC770100060A13 /* Localizable.strings */; };
		30A0434914DC770100060A13 /* Localizable.strings in Resources */ = {isa = PBXBuildFile; fileRef = 30A0434614DC770100060A13 /* Localizable.strings */; };
		5AEE5B35173C68D80009041E /* CoreLocation.framework in Frameworks */ = {isa = PBXBuildFile; fileRef = 5AEE5B34173C68D80009041E /* CoreLocation.framework */; };
		5B1594DD16A7569C00FEF299 /* AssetsLibrary.framework in Frameworks */ = {isa = PBXBuildFile; fileRef = 5B1594DC16A7569C00FEF299 /* AssetsLibrary.framework */; };
		A1BD4E9B181ECCDE00CDCFE2 /* Icon-29.png in Resources */ = {isa = PBXBuildFile; fileRef = A1BD4E8B181ECCDE00CDCFE2 /* Icon-29.png */; };
		A1BD4E9C181ECCDE00CDCFE2 /* Icon-29@2x.png in Resources */ = {isa = PBXBuildFile; fileRef = A1BD4E8C181ECCDE00CDCFE2 /* Icon-29@2x.png */; };
		A1BD4E9D181ECCDE00CDCFE2 /* Icon-40.png in Resources */ = {isa = PBXBuildFile; fileRef = A1BD4E8D181ECCDE00CDCFE2 /* Icon-40.png */; };
		A1BD4E9E181ECCDE00CDCFE2 /* Icon-40@2x.png in Resources */ = {isa = PBXBuildFile; fileRef = A1BD4E8E181ECCDE00CDCFE2 /* Icon-40@2x.png */; };
		A1BD4E9F181ECCDE00CDCFE2 /* Icon-50.png in Resources */ = {isa = PBXBuildFile; fileRef = A1BD4E8F181ECCDE00CDCFE2 /* Icon-50.png */; };
		A1BD4EA0181ECCDE00CDCFE2 /* Icon-50@2x.png in Resources */ = {isa = PBXBuildFile; fileRef = A1BD4E90181ECCDE00CDCFE2 /* Icon-50@2x.png */; };
		A1BD4EA1181ECCDE00CDCFE2 /* Icon-57.png in Resources */ = {isa = PBXBuildFile; fileRef = A1BD4E91181ECCDE00CDCFE2 /* Icon-57.png */; };
		A1BD4EA2181ECCDE00CDCFE2 /* Icon-57@2x.png in Resources */ = {isa = PBXBuildFile; fileRef = A1BD4E92181ECCDE00CDCFE2 /* Icon-57@2x.png */; };
		A1BD4EA3181ECCDE00CDCFE2 /* Icon-60.png in Resources */ = {isa = PBXBuildFile; fileRef = A1BD4E93181ECCDE00CDCFE2 /* Icon-60.png */; };
		A1BD4EA4181ECCDE00CDCFE2 /* Icon-60@2x.png in Resources */ = {isa = PBXBuildFile; fileRef = A1BD4E94181ECCDE00CDCFE2 /* Icon-60@2x.png */; };
		A1BD4EA5181ECCDE00CDCFE2 /* Icon-72.png in Resources */ = {isa = PBXBuildFile; fileRef = A1BD4E95181ECCDE00CDCFE2 /* Icon-72.png */; };
		A1BD4EA6181ECCDE00CDCFE2 /* Icon-72@2x.png in Resources */ = {isa = PBXBuildFile; fileRef = A1BD4E96181ECCDE00CDCFE2 /* Icon-72@2x.png */; };
		A1BD4EA7181ECCDE00CDCFE2 /* Icon-76.png in Resources */ = {isa = PBXBuildFile; fileRef = A1BD4E97181ECCDE00CDCFE2 /* Icon-76.png */; };
		A1BD4EA8181ECCDE00CDCFE2 /* Icon-76@2x.png in Resources */ = {isa = PBXBuildFile; fileRef = A1BD4E98181ECCDE00CDCFE2 /* Icon-76@2x.png */; };
		A1BD4EA9181ECCDE00CDCFE2 /* iTunesArtwork.png in Resources */ = {isa = PBXBuildFile; fileRef = A1BD4E99181ECCDE00CDCFE2 /* iTunesArtwork.png */; };
		A1BD4EAA181ECCDE00CDCFE2 /* iTunesArtwork@2x.png in Resources */ = {isa = PBXBuildFile; fileRef = A1BD4E9A181ECCDE00CDCFE2 /* iTunesArtwork@2x.png */; };
		A1BD4EB2181ECD2900CDCFE2 /* Default-568h@2x.png in Resources */ = {isa = PBXBuildFile; fileRef = A1BD4EAB181ECD2900CDCFE2 /* Default-568h@2x.png */; };
		A1BD4EB3181ECD2900CDCFE2 /* Default-Landscape.png in Resources */ = {isa = PBXBuildFile; fileRef = A1BD4EAC181ECD2900CDCFE2 /* Default-Landscape.png */; };
		A1BD4EB4181ECD2900CDCFE2 /* Default-Landscape@2x.png in Resources */ = {isa = PBXBuildFile; fileRef = A1BD4EAD181ECD2900CDCFE2 /* Default-Landscape@2x.png */; };
		A1BD4EB5181ECD2900CDCFE2 /* Default-Portrait.png in Resources */ = {isa = PBXBuildFile; fileRef = A1BD4EAE181ECD2900CDCFE2 /* Default-Portrait.png */; };
		A1BD4EB6181ECD2900CDCFE2 /* Default-Portrait@2x.png in Resources */ = {isa = PBXBuildFile; fileRef = A1BD4EAF181ECD2900CDCFE2 /* Default-Portrait@2x.png */; };
		A1BD4EB7181ECD2900CDCFE2 /* Default.png in Resources */ = {isa = PBXBuildFile; fileRef = A1BD4EB0181ECD2900CDCFE2 /* Default.png */; };
		A1BD4EB8181ECD2900CDCFE2 /* Default@2x.png in Resources */ = {isa = PBXBuildFile; fileRef = A1BD4EB1181ECD2900CDCFE2 /* Default@2x.png */; };
		EF770A6BD339404EA308E57A /* CDVSplashScreen.m in Sources */ = {isa = PBXBuildFile; fileRef = 8BC0717354614E3987A307AE /* CDVSplashScreen.m */; };
		F840E1F1165FE0F500CFE078 /* config.xml in Resources */ = {isa = PBXBuildFile; fileRef = F840E1F0165FE0F500CFE078 /* config.xml */; };
/* End PBXBuildFile section */

/* Begin PBXContainerItemProxy section */
		301BF534109A57CC0062928A /* PBXContainerItemProxy */ = {
			isa = PBXContainerItemProxy;
			containerPortal = 301BF52D109A57CC0062928A /* CordovaLib.xcodeproj */;
			proxyType = 2;
			remoteGlobalIDString = D2AAC07E0554694100DB518D;
			remoteInfo = CordovaLib;
		};
		301BF550109A68C00062928A /* PBXContainerItemProxy */ = {
			isa = PBXContainerItemProxy;
			containerPortal = 301BF52D109A57CC0062928A /* CordovaLib.xcodeproj */;
			proxyType = 1;
			remoteGlobalIDString = D2AAC07D0554694100DB518D;
			remoteInfo = CordovaLib;
		};
/* End PBXContainerItemProxy section */

/* Begin PBXFileReference section */
		0514734AD72745FE8EC7FB2D /* CDVInAppBrowser.m */ = {isa = PBXFileReference; fileEncoding = 4; lastKnownFileType = sourcecode.c.objc; name = CDVInAppBrowser.m; path = org.apache.cordova.inappbrowser/CDVInAppBrowser.m; sourceTree = "<group>"; };
		1D3623240D0F684500981E51 /* AppDelegate.h */ = {isa = PBXFileReference; fileEncoding = 4; lastKnownFileType = sourcecode.c.h; path = AppDelegate.h; sourceTree = "<group>"; };
		1D3623250D0F684500981E51 /* AppDelegate.m */ = {isa = PBXFileReference; fileEncoding = 4; lastKnownFileType = sourcecode.c.objc; path = AppDelegate.m; sourceTree = "<group>"; };
		1D6058910D05DD3D006BFB54 /* iRiskAssess.app */ = {isa = PBXFileReference; explicitFileType = wrapper.application; includeInIndex = 0; path = iRiskAssess.app; sourceTree = BUILT_PRODUCTS_DIR; };
		1F766FDD13BBADB100FB74C0 /* en */ = {isa = PBXFileReference; lastKnownFileType = text.plist.strings; name = en; path = Localizable.strings; sourceTree = "<group>"; };
		1F766FE013BBADB100FB74C0 /* es */ = {isa = PBXFileReference; lastKnownFileType = text.plist.strings; name = es; path = Localizable.strings; sourceTree = "<group>"; };
		288765FC0DF74451002DB57D /* CoreGraphics.framework */ = {isa = PBXFileReference; lastKnownFileType = wrapper.framework; name = CoreGraphics.framework; path = System/Library/Frameworks/CoreGraphics.framework; sourceTree = SDKROOT; };
		29B97316FDCFA39411CA2CEA /* main.m */ = {isa = PBXFileReference; fileEncoding = 4; lastKnownFileType = sourcecode.c.objc; path = main.m; sourceTree = "<group>"; };
		301BF52D109A57CC0062928A /* CordovaLib.xcodeproj */ = {isa = PBXFileReference; lastKnownFileType = "wrapper.pb-project"; name = CordovaLib.xcodeproj; path = CordovaLib/CordovaLib.xcodeproj; sourceTree = "<group>"; };
		301BF56E109A69640062928A /* www */ = {isa = PBXFileReference; lastKnownFileType = folder; path = www; sourceTree = SOURCE_ROOT; };
		302D95EE14D2391D003F00A1 /* MainViewController.h */ = {isa = PBXFileReference; fileEncoding = 4; lastKnownFileType = sourcecode.c.h; path = MainViewController.h; sourceTree = "<group>"; };
		302D95EF14D2391D003F00A1 /* MainViewController.m */ = {isa = PBXFileReference; fileEncoding = 4; lastKnownFileType = sourcecode.c.objc; path = MainViewController.m; sourceTree = "<group>"; };
		302D95F014D2391D003F00A1 /* MainViewController.xib */ = {isa = PBXFileReference; fileEncoding = 4; lastKnownFileType = file.xib; path = MainViewController.xib; sourceTree = "<group>"; };
		305D5FD0115AB8F900A74A75 /* MobileCoreServices.framework */ = {isa = PBXFileReference; lastKnownFileType = wrapper.framework; name = MobileCoreServices.framework; path = System/Library/Frameworks/MobileCoreServices.framework; sourceTree = SDKROOT; };
		30A0434414DC770100060A13 /* de */ = {isa = PBXFileReference; lastKnownFileType = text.plist.strings; name = de; path = Localizable.strings; sourceTree = "<group>"; };
		30A0434714DC770100060A13 /* se */ = {isa = PBXFileReference; lastKnownFileType = text.plist.strings; name = se; path = Localizable.strings; sourceTree = "<group>"; };
		32CA4F630368D1EE00C91783 /* iRiskAssess-Prefix.pch */ = {isa = PBXFileReference; fileEncoding = 4; lastKnownFileType = sourcecode.c.h; path = "iRiskAssess-Prefix.pch"; sourceTree = "<group>"; };
		5AEE5B34173C68D80009041E /* CoreLocation.framework */ = {isa = PBXFileReference; lastKnownFileType = wrapper.framework; name = CoreLocation.framework; path = System/Library/Frameworks/CoreLocation.framework; sourceTree = SDKROOT; };
		5B1594DC16A7569C00FEF299 /* AssetsLibrary.framework */ = {isa = PBXFileReference; lastKnownFileType = wrapper.framework; name = AssetsLibrary.framework; path = System/Library/Frameworks/AssetsLibrary.framework; sourceTree = SDKROOT; };
		69432623B52144D39E75727D /* CDVSplashScreen.h */ = {isa = PBXFileReference; fileEncoding = 4; lastKnownFileType = sourcecode.c.h; name = CDVSplashScreen.h; path = org.apache.cordova.splashscreen/CDVSplashScreen.h; sourceTree = "<group>"; };
		6A9D735BAEE942E1B72CF1D0 /* CDVInAppBrowser.h */ = {isa = PBXFileReference; fileEncoding = 4; lastKnownFileType = sourcecode.c.h; name = CDVInAppBrowser.h; path = org.apache.cordova.inappbrowser/CDVInAppBrowser.h; sourceTree = "<group>"; };
		8BC0717354614E3987A307AE /* CDVSplashScreen.m */ = {isa = PBXFileReference; fileEncoding = 4; lastKnownFileType = sourcecode.c.objc; name = CDVSplashScreen.m; path = org.apache.cordova.splashscreen/CDVSplashScreen.m; sourceTree = "<group>"; };
		8D1107310486CEB800E47090 /* iRiskAssess-Info.plist */ = {isa = PBXFileReference; fileEncoding = 4; lastKnownFileType = text.plist.xml; name = "iRiskAssess-Info.plist"; path = "../iRiskAssess-Info.plist"; plistStructureDefinitionIdentifier = "com.apple.xcode.plist.structure-definition.iphone.info-plist"; sourceTree = "<group>"; };
		A1BD4E8B181ECCDE00CDCFE2 /* Icon-29.png */ = {isa = PBXFileReference; lastKnownFileType = image.png; path = "Icon-29.png"; sourceTree = "<group>"; };
		A1BD4E8C181ECCDE00CDCFE2 /* Icon-29@2x.png */ = {isa = PBXFileReference; lastKnownFileType = image.png; path = "Icon-29@2x.png"; sourceTree = "<group>"; };
		A1BD4E8D181ECCDE00CDCFE2 /* Icon-40.png */ = {isa = PBXFileReference; lastKnownFileType = image.png; path = "Icon-40.png"; sourceTree = "<group>"; };
		A1BD4E8E181ECCDE00CDCFE2 /* Icon-40@2x.png */ = {isa = PBXFileReference; lastKnownFileType = image.png; path = "Icon-40@2x.png"; sourceTree = "<group>"; };
		A1BD4E8F181ECCDE00CDCFE2 /* Icon-50.png */ = {isa = PBXFileReference; lastKnownFileType = image.png; path = "Icon-50.png"; sourceTree = "<group>"; };
		A1BD4E90181ECCDE00CDCFE2 /* Icon-50@2x.png */ = {isa = PBXFileReference; lastKnownFileType = image.png; path = "Icon-50@2x.png"; sourceTree = "<group>"; };
		A1BD4E91181ECCDE00CDCFE2 /* Icon-57.png */ = {isa = PBXFileReference; lastKnownFileType = image.png; path = "Icon-57.png"; sourceTree = "<group>"; };
		A1BD4E92181ECCDE00CDCFE2 /* Icon-57@2x.png */ = {isa = PBXFileReference; lastKnownFileType = image.png; path = "Icon-57@2x.png"; sourceTree = "<group>"; };
		A1BD4E93181ECCDE00CDCFE2 /* Icon-60.png */ = {isa = PBXFileReference; lastKnownFileType = image.png; path = "Icon-60.png"; sourceTree = "<group>"; };
		A1BD4E94181ECCDE00CDCFE2 /* Icon-60@2x.png */ = {isa = PBXFileReference; lastKnownFileType = image.png; path = "Icon-60@2x.png"; sourceTree = "<group>"; };
		A1BD4E95181ECCDE00CDCFE2 /* Icon-72.png */ = {isa = PBXFileReference; lastKnownFileType = image.png; path = "Icon-72.png"; sourceTree = "<group>"; };
		A1BD4E96181ECCDE00CDCFE2 /* Icon-72@2x.png */ = {isa = PBXFileReference; lastKnownFileType = image.png; path = "Icon-72@2x.png"; sourceTree = "<group>"; };
		A1BD4E97181ECCDE00CDCFE2 /* Icon-76.png */ = {isa = PBXFileReference; lastKnownFileType = image.png; path = "Icon-76.png"; sourceTree = "<group>"; };
		A1BD4E98181ECCDE00CDCFE2 /* Icon-76@2x.png */ = {isa = PBXFileReference; lastKnownFileType = image.png; path = "Icon-76@2x.png"; sourceTree = "<group>"; };
		A1BD4E99181ECCDE00CDCFE2 /* iTunesArtwork.png */ = {isa = PBXFileReference; lastKnownFileType = image.png; path = iTunesArtwork.png; sourceTree = "<group>"; };
		A1BD4E9A181ECCDE00CDCFE2 /* iTunesArtwork@2x.png */ = {isa = PBXFileReference; lastKnownFileType = image.png; path = "iTunesArtwork@2x.png"; sourceTree = "<group>"; };
		A1BD4EAB181ECD2900CDCFE2 /* Default-568h@2x.png */ = {isa = PBXFileReference; lastKnownFileType = image.png; path = "Default-568h@2x.png"; sourceTree = "<group>"; };
		A1BD4EAC181ECD2900CDCFE2 /* Default-Landscape.png */ = {isa = PBXFileReference; lastKnownFileType = image.png; path = "Default-Landscape.png"; sourceTree = "<group>"; };
		A1BD4EAD181ECD2900CDCFE2 /* Default-Landscape@2x.png */ = {isa = PBXFileReference; lastKnownFileType = image.png; path = "Default-Landscape@2x.png"; sourceTree = "<group>"; };
		A1BD4EAE181ECD2900CDCFE2 /* Default-Portrait.png */ = {isa = PBXFileReference; lastKnownFileType = image.png; path = "Default-Portrait.png"; sourceTree = "<group>"; };
		A1BD4EAF181ECD2900CDCFE2 /* Default-Portrait@2x.png */ = {isa = PBXFileReference; lastKnownFileType = image.png; path = "Default-Portrait@2x.png"; sourceTree = "<group>"; };
		A1BD4EB0181ECD2900CDCFE2 /* Default.png */ = {isa = PBXFileReference; lastKnownFileType = image.png; path = Default.png; sourceTree = "<group>"; };
		A1BD4EB1181ECD2900CDCFE2 /* Default@2x.png */ = {isa = PBXFileReference; lastKnownFileType = image.png; path = "Default@2x.png"; sourceTree = "<group>"; };
		F840E1F0165FE0F500CFE078 /* config.xml */ = {isa = PBXFileReference; lastKnownFileType = text.xml; name = config.xml; path = HelloCordova/config.xml; sourceTree = "<group>"; };
/* End PBXFileReference section */

/* Begin PBXFrameworksBuildPhase section */
		1D60588F0D05DD3D006BFB54 /* Frameworks */ = {
			isa = PBXFrameworksBuildPhase;
			buildActionMask = 2147483647;
			files = (
				5B1594DD16A7569C00FEF299 /* AssetsLibrary.framework in Frameworks */,
				301BF552109A68D80062928A /* libCordova.a in Frameworks */,
				288765FD0DF74451002DB57D /* CoreGraphics.framework in Frameworks */,
				305D5FD1115AB8F900A74A75 /* MobileCoreServices.framework in Frameworks */,
				5AEE5B35173C68D80009041E /* CoreLocation.framework in Frameworks */,
			);
			runOnlyForDeploymentPostprocessing = 0;
		};
/* End PBXFrameworksBuildPhase section */

/* Begin PBXGroup section */
		080E96DDFE201D6D7F000001 /* Classes */ = {
			isa = PBXGroup;
			children = (
				302D95EE14D2391D003F00A1 /* MainViewController.h */,
				302D95EF14D2391D003F00A1 /* MainViewController.m */,
				302D95F014D2391D003F00A1 /* MainViewController.xib */,
				1D3623240D0F684500981E51 /* AppDelegate.h */,
				1D3623250D0F684500981E51 /* AppDelegate.m */,
			);
			name = Classes;
			path = HelloCordova/Classes;
			sourceTree = SOURCE_ROOT;
		};
		19C28FACFE9D520D11CA2CBB /* Products */ = {
			isa = PBXGroup;
			children = (
				1D6058910D05DD3D006BFB54 /* iRiskAssess.app */,
			);
			name = Products;
			sourceTree = "<group>";
		};
		1F766FDB13BBADB100FB74C0 /* en.lproj */ = {
			isa = PBXGroup;
			children = (
				1F766FDC13BBADB100FB74C0 /* Localizable.strings */,
			);
			path = en.lproj;
			sourceTree = "<group>";
		};
		1F766FDE13BBADB100FB74C0 /* es.lproj */ = {
			isa = PBXGroup;
			children = (
				1F766FDF13BBADB100FB74C0 /* Localizable.strings */,
			);
			path = es.lproj;
			sourceTree = "<group>";
		};
		29B97314FDCFA39411CA2CEA /* CustomTemplate */ = {
			isa = PBXGroup;
			children = (
				F840E1F0165FE0F500CFE078 /* config.xml */,
				301BF56E109A69640062928A /* www */,
				301BF52D109A57CC0062928A /* CordovaLib.xcodeproj */,
				080E96DDFE201D6D7F000001 /* Classes */,
				307C750510C5A3420062BCA9 /* Plugins */,
				29B97315FDCFA39411CA2CEA /* Other Sources */,
				29B97317FDCFA39411CA2CEA /* Resources */,
				29B97323FDCFA39411CA2CEA /* Frameworks */,
				19C28FACFE9D520D11CA2CBB /* Products */,
			);
			name = CustomTemplate;
			sourceTree = "<group>";
		};
		29B97315FDCFA39411CA2CEA /* Other Sources */ = {
			isa = PBXGroup;
			children = (
				32CA4F630368D1EE00C91783 /* iRiskAssess-Prefix.pch */,
				29B97316FDCFA39411CA2CEA /* main.m */,
			);
			name = "Other Sources";
			path = HelloCordova;
			sourceTree = "<group>";
		};
		29B97317FDCFA39411CA2CEA /* Resources */ = {
			isa = PBXGroup;
			children = (
				30A0434214DC770100060A13 /* de.lproj */,
				30A0434514DC770100060A13 /* se.lproj */,
				1F766FDB13BBADB100FB74C0 /* en.lproj */,
				1F766FDE13BBADB100FB74C0 /* es.lproj */,
				308D052D1370CCF300D202BF /* icons */,
				308D05311370CCF300D202BF /* splash */,
				8D1107310486CEB800E47090 /* iRiskAssess-Info.plist */,
			);
			name = Resources;
			path = HelloCordova/Resources;
			sourceTree = "<group>";
		};
		29B97323FDCFA39411CA2CEA /* Frameworks */ = {
			isa = PBXGroup;
			children = (
				5AEE5B34173C68D80009041E /* CoreLocation.framework */,
				5B1594DC16A7569C00FEF299 /* AssetsLibrary.framework */,
				288765FC0DF74451002DB57D /* CoreGraphics.framework */,
				305D5FD0115AB8F900A74A75 /* MobileCoreServices.framework */,
			);
			name = Frameworks;
			sourceTree = "<group>";
		};
		301BF52E109A57CC0062928A /* Products */ = {
			isa = PBXGroup;
			children = (
				301BF535109A57CC0062928A /* libCordova.a */,
			);
			name = Products;
			sourceTree = "<group>";
		};
		307C750510C5A3420062BCA9 /* Plugins */ = {
			isa = PBXGroup;
			children = (
				8BC0717354614E3987A307AE /* CDVSplashScreen.m */,
				69432623B52144D39E75727D /* CDVSplashScreen.h */,
				0514734AD72745FE8EC7FB2D /* CDVInAppBrowser.m */,
				6A9D735BAEE942E1B72CF1D0 /* CDVInAppBrowser.h */,
			);
			name = Plugins;
			path = HelloCordova/Plugins;
			sourceTree = SOURCE_ROOT;
		};
		308D052D1370CCF300D202BF /* icons */ = {
			isa = PBXGroup;
			children = (
				A1BD4E8B181ECCDE00CDCFE2 /* Icon-29.png */,
				A1BD4E8C181ECCDE00CDCFE2 /* Icon-29@2x.png */,
				A1BD4E8D181ECCDE00CDCFE2 /* Icon-40.png */,
				A1BD4E8E181ECCDE00CDCFE2 /* Icon-40@2x.png */,
				A1BD4E8F181ECCDE00CDCFE2 /* Icon-50.png */,
				A1BD4E90181ECCDE00CDCFE2 /* Icon-50@2x.png */,
				A1BD4E91181ECCDE00CDCFE2 /* Icon-57.png */,
				A1BD4E92181ECCDE00CDCFE2 /* Icon-57@2x.png */,
				A1BD4E93181ECCDE00CDCFE2 /* Icon-60.png */,
				A1BD4E94181ECCDE00CDCFE2 /* Icon-60@2x.png */,
				A1BD4E95181ECCDE00CDCFE2 /* Icon-72.png */,
				A1BD4E96181ECCDE00CDCFE2 /* Icon-72@2x.png */,
				A1BD4E97181ECCDE00CDCFE2 /* Icon-76.png */,
				A1BD4E98181ECCDE00CDCFE2 /* Icon-76@2x.png */,
				A1BD4E99181ECCDE00CDCFE2 /* iTunesArtwork.png */,
				A1BD4E9A181ECCDE00CDCFE2 /* iTunesArtwork@2x.png */,
			);
			path = icons;
			sourceTree = "<group>";
		};
		308D05311370CCF300D202BF /* splash */ = {
			isa = PBXGroup;
			children = (
				A1BD4EAB181ECD2900CDCFE2 /* Default-568h@2x.png */,
				A1BD4EAC181ECD2900CDCFE2 /* Default-Landscape.png */,
				A1BD4EAD181ECD2900CDCFE2 /* Default-Landscape@2x.png */,
				A1BD4EAE181ECD2900CDCFE2 /* Default-Portrait.png */,
				A1BD4EAF181ECD2900CDCFE2 /* Default-Portrait@2x.png */,
				A1BD4EB0181ECD2900CDCFE2 /* Default.png */,
				A1BD4EB1181ECD2900CDCFE2 /* Default@2x.png */,
			);
			path = splash;
			sourceTree = "<group>";
		};
		30A0434214DC770100060A13 /* de.lproj */ = {
			isa = PBXGroup;
			children = (
				30A0434314DC770100060A13 /* Localizable.strings */,
			);
			path = de.lproj;
			sourceTree = "<group>";
		};
		30A0434514DC770100060A13 /* se.lproj */ = {
			isa = PBXGroup;
			children = (
				30A0434614DC770100060A13 /* Localizable.strings */,
			);
			path = se.lproj;
			sourceTree = "<group>";
		};
/* End PBXGroup section */

/* Begin PBXNativeTarget section */
		1D6058900D05DD3D006BFB54 /* iRiskAssess */ = {
			isa = PBXNativeTarget;
			buildConfigurationList = 1D6058960D05DD3E006BFB54 /* Build configuration list for PBXNativeTarget "iRiskAssess" */;
			buildPhases = (
				304B58A110DAC018002A0835 /* Copy www directory */,
				1D60588D0D05DD3D006BFB54 /* Resources */,
				1D60588E0D05DD3D006BFB54 /* Sources */,
				1D60588F0D05DD3D006BFB54 /* Frameworks */,
			);
			buildRules = (
			);
			dependencies = (
				301BF551109A68C00062928A /* PBXTargetDependency */,
			);
			name = iRiskAssess;
			productName = HelloCordova;
			productReference = 1D6058910D05DD3D006BFB54 /* iRiskAssess.app */;
			productType = "com.apple.product-type.application";
		};
/* End PBXNativeTarget section */

/* Begin PBXProject section */
		29B97313FDCFA39411CA2CEA /* Project object */ = {
			isa = PBXProject;
			attributes = {
				LastUpgradeCheck = 500;
				TargetAttributes = {
					1D6058900D05DD3D006BFB54 = {
						DevelopmentTeam = 2RQUJ3JTCW;
					};
				};
			};
			buildConfigurationList = C01FCF4E08A954540054247B /* Build configuration list for PBXProject "iRiskAssess" */;
			compatibilityVersion = "Xcode 3.2";
			developmentRegion = English;
			hasScannedForEncodings = 1;
			knownRegions = (
				English,
				Japanese,
				French,
				German,
				en,
				es,
				de,
				se,
			);
			mainGroup = 29B97314FDCFA39411CA2CEA /* CustomTemplate */;
			projectDirPath = "";
			projectReferences = (
				{
					ProductGroup = 301BF52E109A57CC0062928A /* Products */;
					ProjectRef = 301BF52D109A57CC0062928A /* CordovaLib.xcodeproj */;
				},
			);
			projectRoot = "";
			targets = (
				1D6058900D05DD3D006BFB54 /* iRiskAssess */,
			);
		};
/* End PBXProject section */

/* Begin PBXReferenceProxy section */
		301BF535109A57CC0062928A /* libCordova.a */ = {
			isa = PBXReferenceProxy;
			fileType = archive.ar;
			path = libCordova.a;
			remoteRef = 301BF534109A57CC0062928A /* PBXContainerItemProxy */;
			sourceTree = BUILT_PRODUCTS_DIR;
		};
/* End PBXReferenceProxy section */

/* Begin PBXResourcesBuildPhase section */
		1D60588D0D05DD3D006BFB54 /* Resources */ = {
			isa = PBXResourcesBuildPhase;
			buildActionMask = 2147483647;
			files = (
				A1BD4EA1181ECCDE00CDCFE2 /* Icon-57.png in Resources */,
				A1BD4EA7181ECCDE00CDCFE2 /* Icon-76.png in Resources */,
				A1BD4E9E181ECCDE00CDCFE2 /* Icon-40@2x.png in Resources */,
				F840E1F1165FE0F500CFE078 /* config.xml in Resources */,
				1F766FE113BBADB100FB74C0 /* Localizable.strings in Resources */,
				A1BD4EB3181ECD2900CDCFE2 /* Default-Landscape.png in Resources */,
				A1BD4EA3181ECCDE00CDCFE2 /* Icon-60.png in Resources */,
				A1BD4EA5181ECCDE00CDCFE2 /* Icon-72.png in Resources */,
				1F766FE213BBADB100FB74C0 /* Localizable.strings in Resources */,
				A1BD4EA6181ECCDE00CDCFE2 /* Icon-72@2x.png in Resources */,
				302D95F214D2391D003F00A1 /* MainViewController.xib in Resources */,
				A1BD4EB7181ECD2900CDCFE2 /* Default.png in Resources */,
				A1BD4EA9181ECCDE00CDCFE2 /* iTunesArtwork.png in Resources */,
				A1BD4EB6181ECD2900CDCFE2 /* Default-Portrait@2x.png in Resources */,
				A1BD4EB5181ECD2900CDCFE2 /* Default-Portrait.png in Resources */,
				A1BD4EA8181ECCDE00CDCFE2 /* Icon-76@2x.png in Resources */,
				30A0434814DC770100060A13 /* Localizable.strings in Resources */,
				30A0434914DC770100060A13 /* Localizable.strings in Resources */,
				A1BD4EA0181ECCDE00CDCFE2 /* Icon-50@2x.png in Resources */,
				A1BD4E9B181ECCDE00CDCFE2 /* Icon-29.png in Resources */,
				A1BD4E9D181ECCDE00CDCFE2 /* Icon-40.png in Resources */,
				A1BD4EB2181ECD2900CDCFE2 /* Default-568h@2x.png in Resources */,
				A1BD4EA4181ECCDE00CDCFE2 /* Icon-60@2x.png in Resources */,
				A1BD4EAA181ECCDE00CDCFE2 /* iTunesArtwork@2x.png in Resources */,
				A1BD4EA2181ECCDE00CDCFE2 /* Icon-57@2x.png in Resources */,
				A1BD4E9F181ECCDE00CDCFE2 /* Icon-50.png in Resources */,
				A1BD4EB8181ECD2900CDCFE2 /* Default@2x.png in Resources */,
				A1BD4EB4181ECD2900CDCFE2 /* Default-Landscape@2x.png in Resources */,
				A1BD4E9C181ECCDE00CDCFE2 /* Icon-29@2x.png in Resources */,
			);
			runOnlyForDeploymentPostprocessing = 0;
		};
/* End PBXResourcesBuildPhase section */

/* Begin PBXShellScriptBuildPhase section */
		304B58A110DAC018002A0835 /* Copy www directory */ = {
			isa = PBXShellScriptBuildPhase;
			buildActionMask = 2147483647;
			files = (
			);
			inputPaths = (
			);
			name = "Copy www directory";
			outputPaths = (
			);
			runOnlyForDeploymentPostprocessing = 0;
			shellPath = /bin/sh;
			shellScript = "cordova/lib/copy-www-build-step.sh";
		};
/* End PBXShellScriptBuildPhase section */

/* Begin PBXSourcesBuildPhase section */
		1D60588E0D05DD3D006BFB54 /* Sources */ = {
			isa = PBXSourcesBuildPhase;
			buildActionMask = 2147483647;
			files = (
				1D60589B0D05DD56006BFB54 /* main.m in Sources */,
				1D3623260D0F684500981E51 /* AppDelegate.m in Sources */,
				302D95F114D2391D003F00A1 /* MainViewController.m in Sources */,
				EF770A6BD339404EA308E57A /* CDVSplashScreen.m in Sources */,
				175B54D9DC5A4D30930CF7B8 /* CDVInAppBrowser.m in Sources */,
			);
			runOnlyForDeploymentPostprocessing = 0;
		};
/* End PBXSourcesBuildPhase section */

/* Begin PBXTargetDependency section */
		301BF551109A68C00062928A /* PBXTargetDependency */ = {
			isa = PBXTargetDependency;
			name = CordovaLib;
			targetProxy = 301BF550109A68C00062928A /* PBXContainerItemProxy */;
		};
/* End PBXTargetDependency section */

/* Begin PBXVariantGroup section */
		1F766FDC13BBADB100FB74C0 /* Localizable.strings */ = {
			isa = PBXVariantGroup;
			children = (
				1F766FDD13BBADB100FB74C0 /* en */,
			);
			name = Localizable.strings;
			sourceTree = "<group>";
		};
		1F766FDF13BBADB100FB74C0 /* Localizable.strings */ = {
			isa = PBXVariantGroup;
			children = (
				1F766FE013BBADB100FB74C0 /* es */,
			);
			name = Localizable.strings;
			sourceTree = "<group>";
		};
		30A0434314DC770100060A13 /* Localizable.strings */ = {
			isa = PBXVariantGroup;
			children = (
				30A0434414DC770100060A13 /* de */,
			);
			name = Localizable.strings;
			sourceTree = "<group>";
		};
		30A0434614DC770100060A13 /* Localizable.strings */ = {
			isa = PBXVariantGroup;
			children = (
				30A0434714DC770100060A13 /* se */,
			);
			name = Localizable.strings;
			sourceTree = "<group>";
		};
/* End PBXVariantGroup section */

/* Begin XCBuildConfiguration section */
		1D6058940D05DD3E006BFB54 /* Debug */ = {
			isa = XCBuildConfiguration;
			buildSettings = {
				ALWAYS_SEARCH_USER_PATHS = NO;
				CLANG_ENABLE_OBJC_ARC = YES;
				CODE_SIGN_IDENTITY = "iPhone Developer";
				"CODE_SIGN_IDENTITY[sdk=iphoneos*]" = "iPhone Developer";
				COPY_PHASE_STRIP = NO;
				GCC_DYNAMIC_NO_PIC = NO;
				GCC_OPTIMIZATION_LEVEL = 0;
				GCC_PRECOMPILE_PREFIX_HEADER = YES;
				GCC_PREFIX_HEADER = "HelloCordova/iRiskAssess-Prefix.pch";
				GCC_THUMB_SUPPORT = NO;
				GCC_VERSION = "";
				INFOPLIST_FILE = "HelloCordova/iRiskAssess-Info.plist";
				IPHONEOS_DEPLOYMENT_TARGET = 5.0;
				OTHER_LDFLAGS = (
					"-weak_framework",
					CoreFoundation,
					"-weak_framework",
					UIKit,
					"-weak_framework",
					AVFoundation,
					"-weak_framework",
					CoreMedia,
					"-weak-lSystem",
					"-force_load",
					"\"$(BUILT_PRODUCTS_DIR)/libCordova.a\"",
					"-ObjC",
				);
				PRODUCT_NAME = iRiskAssess;
				PROVISIONING_PROFILE = "";
				TARGETED_DEVICE_FAMILY = "1,2";
			};
			name = Debug;
		};
		1D6058950D05DD3E006BFB54 /* Release */ = {
			isa = XCBuildConfiguration;
			buildSettings = {
				ALWAYS_SEARCH_USER_PATHS = NO;
				CLANG_ENABLE_OBJC_ARC = YES;
				CODE_SIGN_IDENTITY = "iPhone Developer";
				"CODE_SIGN_IDENTITY[sdk=iphoneos*]" = "iPhone Developer";
				COPY_PHASE_STRIP = YES;
				GCC_PRECOMPILE_PREFIX_HEADER = YES;
				GCC_PREFIX_HEADER = "HelloCordova/iRiskAssess-Prefix.pch";
				GCC_THUMB_SUPPORT = NO;
				GCC_VERSION = "";
				INFOPLIST_FILE = "HelloCordova/iRiskAssess-Info.plist";
				IPHONEOS_DEPLOYMENT_TARGET = 5.0;
				OTHER_LDFLAGS = (
					"-weak_framework",
					CoreFoundation,
					"-weak_framework",
					UIKit,
					"-weak_framework",
					AVFoundation,
					"-weak_framework",
					CoreMedia,
					"-weak-lSystem",
					"-force_load",
					"\"$(BUILT_PRODUCTS_DIR)/libCordova.a\"",
					"-ObjC",
				);
				PRODUCT_NAME = iRiskAssess;
				PROVISIONING_PROFILE = "";
				TARGETED_DEVICE_FAMILY = "1,2";
			};
			name = Release;
		};
		C01FCF4F08A954540054247B /* Debug */ = {
			isa = XCBuildConfiguration;
			buildSettings = {
				CLANG_ENABLE_OBJC_ARC = YES;
				CLANG_WARN_BOOL_CONVERSION = YES;
				CLANG_WARN_CONSTANT_CONVERSION = YES;
				CLANG_WARN_EMPTY_BODY = YES;
				CLANG_WARN_ENUM_CONVERSION = YES;
				CLANG_WARN_INT_CONVERSION = YES;
				CLANG_WARN__DUPLICATE_METHOD_MATCH = YES;
				CODE_SIGN_IDENTITY = "iPhone Developer: Mark Short (9TJ8RHD8K2)";
				"CODE_SIGN_IDENTITY[sdk=iphoneos*]" = "iPhone Developer: Mark Short (9TJ8RHD8K2)";
				GCC_C_LANGUAGE_STANDARD = c99;
				GCC_THUMB_SUPPORT = NO;
				GCC_VERSION = "";
				GCC_WARN_ABOUT_RETURN_TYPE = YES;
				GCC_WARN_UNDECLARED_SELECTOR = YES;
				GCC_WARN_UNINITIALIZED_AUTOS = YES;
				GCC_WARN_UNUSED_FUNCTION = YES;
				GCC_WARN_UNUSED_VARIABLE = YES;
				HEADER_SEARCH_PATHS = (
					"\"$(TARGET_BUILD_DIR)/usr/local/lib/include\"",
					"\"$(OBJROOT)/UninstalledProducts/include\"",
					"\"$(BUILT_PRODUCTS_DIR)\"",
				);
				IPHONEOS_DEPLOYMENT_TARGET = 5.0;
				ONLY_ACTIVE_ARCH = YES;
				OTHER_LDFLAGS = (
					"-weak_framework",
					CoreFoundation,
					"-weak_framework",
					UIKit,
					"-weak_framework",
					AVFoundation,
					"-weak_framework",
					CoreMedia,
					"-weak-lSystem",
					"-force_load",
					"\"$(BUILT_PRODUCTS_DIR)/libCordova.a\"",
					"-ObjC",
				);
				PROVISIONING_PROFILE = "938014AF-E549-45CE-B80B-1A2C214585D0";
				SDKROOT = iphoneos;
				SKIP_INSTALL = NO;
				USER_HEADER_SEARCH_PATHS = "";
			};
			name = Debug;
		};
		C01FCF5008A954540054247B /* Release */ = {
			isa = XCBuildConfiguration;
			buildSettings = {
				CLANG_ENABLE_OBJC_ARC = YES;
				CLANG_WARN_BOOL_CONVERSION = YES;
				CLANG_WARN_CONSTANT_CONVERSION = YES;
				CLANG_WARN_EMPTY_BODY = YES;
				CLANG_WARN_ENUM_CONVERSION = YES;
				CLANG_WARN_INT_CONVERSION = YES;
				CLANG_WARN__DUPLICATE_METHOD_MATCH = YES;
				CODE_SIGN_IDENTITY = "iPhone Developer: Mark Short (9TJ8RHD8K2)";
				"CODE_SIGN_IDENTITY[sdk=iphoneos*]" = "iPhone Developer";
				GCC_C_LANGUAGE_STANDARD = c99;
				GCC_THUMB_SUPPORT = NO;
				GCC_VERSION = "";
				GCC_WARN_ABOUT_RETURN_TYPE = YES;
				GCC_WARN_UNDECLARED_SELECTOR = YES;
				GCC_WARN_UNINITIALIZED_AUTOS = YES;
				GCC_WARN_UNUSED_FUNCTION = YES;
				GCC_WARN_UNUSED_VARIABLE = YES;
				HEADER_SEARCH_PATHS = (
					"\"$(TARGET_BUILD_DIR)/usr/local/lib/include\"",
					"\"$(OBJROOT)/UninstalledProducts/include\"",
					"\"$(BUILT_PRODUCTS_DIR)\"",
				);
				IPHONEOS_DEPLOYMENT_TARGET = 5.0;
				OTHER_LDFLAGS = (
					"-weak_framework",
					CoreFoundation,
					"-weak_framework",
					UIKit,
					"-weak_framework",
					AVFoundation,
					"-weak_framework",
					CoreMedia,
					"-weak-lSystem",
					"-force_load",
					"\"$(BUILT_PRODUCTS_DIR)/libCordova.a\"",
					"-ObjC",
				);
				PROVISIONING_PROFILE = "938014AF-E549-45CE-B80B-1A2C214585D0";
				SDKROOT = iphoneos;
				SKIP_INSTALL = NO;
				USER_HEADER_SEARCH_PATHS = "";
			};
			name = Release;
		};
/* End XCBuildConfiguration section */

/* Begin XCConfigurationList section */
		1D6058960D05DD3E006BFB54 /* Build configuration list for PBXNativeTarget "iRiskAssess" */ = {
			isa = XCConfigurationList;
			buildConfigurations = (
				1D6058940D05DD3E006BFB54 /* Debug */,
				1D6058950D05DD3E006BFB54 /* Release */,
			);
			defaultConfigurationIsVisible = 0;
			defaultConfigurationName = Release;
		};
		C01FCF4E08A954540054247B /* Build configuration list for PBXProject "iRiskAssess" */ = {
			isa = XCConfigurationList;
			buildConfigurations = (
				C01FCF4F08A954540054247B /* Debug */,
				C01FCF5008A954540054247B /* Release */,
			);
			defaultConfigurationIsVisible = 0;
			defaultConfigurationName = Release;
		};
/* End XCConfigurationList section */
	};
	rootObject = 29B97313FDCFA39411CA2CEA /* Project object */;
}
